{
  "version": 4,
  "terraform_version": "1.3.7",
  "serial": 115,
  "lineage": "20dab18f-469a-b88f-4dc2-e15302763125",
  "outputs": {
    "database_name": {
      "value": "n8358-database",
      "type": "string"
    },
    "la_workspace_name": {
      "value": "la-workspace8358",
      "type": "string"
    },
    "linux_vm_ids": {
      "value": [
        "/subscriptions/dfbc44eb-f4ee-4bb1-952a-f94f1edcd71d/resourceGroups/n01498358-assignment1-RG/providers/Microsoft.Compute/virtualMachines/vm-1",
        "/subscriptions/dfbc44eb-f4ee-4bb1-952a-f94f1edcd71d/resourceGroups/n01498358-assignment1-RG/providers/Microsoft.Compute/virtualMachines/vm-2"
      ],
      "type": [
        "tuple",
        [
          "string",
          "string"
        ]
      ]
    },
    "load_balancer_name": {
      "value": "mylb",
      "type": "string"
    },
    "resource_group_name": {
      "value": "n01498358-assignment1-RG",
      "type": "string"
    },
    "rs_vault_name": {
      "value": "rs-vault8358",
      "type": "string"
    },
    "storage_account_name": {
      "value": "st8358",
      "type": "string"
    },
    "subnet_name": {
      "value": "subnet1",
      "type": "string"
    },
    "vm_domains": {
      "value": [
        "vm-1-dnslabel",
        "vm-2-dnslabel"
      ],
      "type": [
        "tuple",
        [
          "string",
          "string"
        ]
      ]
    },
    "vm_hostnames": {
      "value": [
        "vm-1",
        "vm-2"
      ],
      "type": [
        "tuple",
        [
          "string",
          "string"
        ]
      ]
    },
    "vm_private_ips": {
      "value": [
        "10.0.1.5",
        "10.0.1.4"
      ],
      "type": [
        "tuple",
        [
          "string",
          "string"
        ]
      ]
    },
    "vm_public_ips": {
      "value": [
        "20.124.254.255",
        "20.120.84.77"
      ],
      "type": [
        "tuple",
        [
          "string",
          "string"
        ]
      ]
    },
    "vm_windows_hostname": {
      "value": [
        "vm-windows"
      ],
      "type": [
        "list",
        "string"
      ],
      "sensitive": true
    },
    "vm_windows_private_ip": {
      "value": "10.0.1.6",
      "type": "string"
    },
    "vm_windows_public_ip": {
      "value": "20.115.5.80",
      "type": "string"
    },
    "vmwindows_vm_id": {
      "value": "/subscriptions/dfbc44eb-f4ee-4bb1-952a-f94f1edcd71d/resourceGroups/n01498358-assignment1-RG/providers/Microsoft.Compute/virtualMachines/vm-windows",
      "type": "string"
    },
    "vnet_name": {
      "value": "8358vnet",
      "type": "string"
    }
  },
  "resources": [
    {
      "mode": "managed",
      "type": "null_resource",
      "name": "ansible",
      "provider": "provider[\"registry.terraform.io/hashicorp/null\"]",
      "instances": [
        {
          "status": "tainted",
          "schema_version": 0,
          "attributes": {
            "id": "3160336182746008384",
            "triggers": null
          },
          "sensitive_attributes": []
        }
      ]
    },
    {
      "module": "module.common",
      "mode": "managed",
      "type": "azurerm_log_analytics_workspace",
      "name": "la_workspace",
      "provider": "provider[\"registry.terraform.io/hashicorp/azurerm\"]",
      "instances": [
        {
          "schema_version": 3,
          "attributes": {
            "allow_resource_only_permissions": true,
            "cmk_for_query_forced": false,
            "daily_quota_gb": -1,
            "id": "/subscriptions/dfbc44eb-f4ee-4bb1-952a-f94f1edcd71d/resourceGroups/n01498358-assignment1-RG/providers/Microsoft.OperationalInsights/workspaces/la-workspace8358",
            "internet_ingestion_enabled": true,
            "internet_query_enabled": true,
            "local_authentication_disabled": false,
            "location": "eastus",
            "name": "la-workspace8358",
            "primary_shared_key": "6yQClAp8AzorxQlkBFTMtoezVJDLkSya9aVGACezwNUqjzQNt8cdg+5xCc/io5txXCkoVCkDSG1Pjdp833sgXA==",
            "reservation_capacity_in_gb_per_day": null,
            "resource_group_name": "n01498358-assignment1-RG",
            "retention_in_days": 30,
            "secondary_shared_key": "CNCEOrcvVZVWf6nqkOj6I+mcougZXo8Kp5AqQuw0ClhBZKGksjz7zgoCXqof3pw/7P0BWgttE+GlU5OYNpxu+g==",
            "sku": "PerGB2018",
            "tags": {
              "Environment": "Lab",
              "ExpirationDate": "2023-06-30",
              "Name": "sahil.solanki",
              "Project": "Automation Project – Assignment 1"
            },
            "timeouts": null,
            "workspace_id": "171644c5-1b2e-4aa2-ae88-d2ed04e78c82"
          },
          "sensitive_attributes": [],
          "private": "eyJlMmJmYjczMC1lY2FhLTExZTYtOGY4OC0zNDM2M2JjN2M0YzAiOnsiY3JlYXRlIjoxODAwMDAwMDAwMDAwLCJkZWxldGUiOjE4MDAwMDAwMDAwMDAsInJlYWQiOjMwMDAwMDAwMDAwMCwidXBkYXRlIjoxODAwMDAwMDAwMDAwfSwic2NoZW1hX3ZlcnNpb24iOiIzIn0=",
          "dependencies": [
            "module.rgroup.azurerm_resource_group.rgroup"
          ]
        }
      ]
    },
    {
      "module": "module.common",
      "mode": "managed",
      "type": "azurerm_recovery_services_vault",
      "name": "rs_vault",
      "provider": "provider[\"registry.terraform.io/hashicorp/azurerm\"]",
      "instances": [
        {
          "schema_version": 0,
          "attributes": {
            "classic_vmware_replication_enabled": null,
            "cross_region_restore_enabled": false,
            "encryption": [],
            "id": "/subscriptions/dfbc44eb-f4ee-4bb1-952a-f94f1edcd71d/resourceGroups/n01498358-assignment1-RG/providers/Microsoft.RecoveryServices/vaults/rs-vault8358",
            "identity": [],
            "immutability": null,
            "location": "eastus",
            "name": "rs-vault8358",
            "public_network_access_enabled": true,
            "resource_group_name": "n01498358-assignment1-RG",
            "sku": "Standard",
            "soft_delete_enabled": true,
            "storage_mode_type": "GeoRedundant",
            "tags": {
              "Environment": "Lab",
              "ExpirationDate": "2023-06-30",
              "Name": "sahil.solanki",
              "Project": "Automation Project – Assignment 1"
            },
            "timeouts": null
          },
          "sensitive_attributes": [],
          "private": "eyJlMmJmYjczMC1lY2FhLTExZTYtOGY4OC0zNDM2M2JjN2M0YzAiOnsiY3JlYXRlIjo3MjAwMDAwMDAwMDAwLCJkZWxldGUiOjE4MDAwMDAwMDAwMDAsInJlYWQiOjMwMDAwMDAwMDAwMCwidXBkYXRlIjozNjAwMDAwMDAwMDAwfX0=",
          "dependencies": [
            "module.rgroup.azurerm_resource_group.rgroup"
          ]
        }
      ]
    },
    {
      "module": "module.common",
      "mode": "managed",
      "type": "azurerm_storage_account",
      "name": "storage_account",
      "provider": "provider[\"registry.terraform.io/hashicorp/azurerm\"]",
      "instances": [
        {
          "schema_version": 3,
          "attributes": {
            "access_tier": "Hot",
            "account_kind": "StorageV2",
            "account_replication_type": "LRS",
            "account_tier": "Standard",
            "allow_nested_items_to_be_public": true,
            "allowed_copy_scope": "",
            "azure_files_authentication": [],
            "blob_properties": [
              {
                "change_feed_enabled": false,
                "change_feed_retention_in_days": 0,
                "container_delete_retention_policy": [],
                "cors_rule": [],
                "default_service_version": "",
                "delete_retention_policy": [],
                "last_access_time_enabled": false,
                "restore_policy": [],
                "versioning_enabled": false
              }
            ],
            "cross_tenant_replication_enabled": true,
            "custom_domain": [],
            "customer_managed_key": [],
            "default_to_oauth_authentication": false,
            "edge_zone": "",
            "enable_https_traffic_only": true,
            "id": "/subscriptions/dfbc44eb-f4ee-4bb1-952a-f94f1edcd71d/resourceGroups/n01498358-assignment1-RG/providers/Microsoft.Storage/storageAccounts/st8358",
            "identity": [],
            "immutability_policy": [],
            "infrastructure_encryption_enabled": false,
            "is_hns_enabled": false,
            "large_file_share_enabled": null,
            "location": "eastus",
            "min_tls_version": "TLS1_2",
            "name": "st8358",
            "network_rules": [
              {
                "bypass": [
                  "AzureServices"
                ],
                "default_action": "Allow",
                "ip_rules": [],
                "private_link_access": [],
                "virtual_network_subnet_ids": []
              }
            ],
            "nfsv3_enabled": false,
            "primary_access_key": "C2zEkQEPOvSUhHsKDhLuB+uSDtMms98mu5bK9kEBs4J+7Vyjb74OVIEFgzR9Vn5X7HA0uWSI3eDx+AStaUUDRQ==",
            "primary_blob_connection_string": "DefaultEndpointsProtocol=https;BlobEndpoint=https://st8358.blob.core.windows.net/;AccountName=st8358;AccountKey=C2zEkQEPOvSUhHsKDhLuB+uSDtMms98mu5bK9kEBs4J+7Vyjb74OVIEFgzR9Vn5X7HA0uWSI3eDx+AStaUUDRQ==",
            "primary_blob_endpoint": "https://st8358.blob.core.windows.net/",
            "primary_blob_host": "st8358.blob.core.windows.net",
            "primary_connection_string": "DefaultEndpointsProtocol=https;AccountName=st8358;AccountKey=C2zEkQEPOvSUhHsKDhLuB+uSDtMms98mu5bK9kEBs4J+7Vyjb74OVIEFgzR9Vn5X7HA0uWSI3eDx+AStaUUDRQ==;EndpointSuffix=core.windows.net",
            "primary_dfs_endpoint": "https://st8358.dfs.core.windows.net/",
            "primary_dfs_host": "st8358.dfs.core.windows.net",
            "primary_file_endpoint": "https://st8358.file.core.windows.net/",
            "primary_file_host": "st8358.file.core.windows.net",
            "primary_location": "eastus",
            "primary_queue_endpoint": "https://st8358.queue.core.windows.net/",
            "primary_queue_host": "st8358.queue.core.windows.net",
            "primary_table_endpoint": "https://st8358.table.core.windows.net/",
            "primary_table_host": "st8358.table.core.windows.net",
            "primary_web_endpoint": "https://st8358.z13.web.core.windows.net/",
            "primary_web_host": "st8358.z13.web.core.windows.net",
            "public_network_access_enabled": true,
            "queue_encryption_key_type": "Service",
            "queue_properties": [
              {
                "cors_rule": [],
                "hour_metrics": [
                  {
                    "enabled": true,
                    "include_apis": true,
                    "retention_policy_days": 7,
                    "version": "1.0"
                  }
                ],
                "logging": [
                  {
                    "delete": false,
                    "read": false,
                    "retention_policy_days": 0,
                    "version": "1.0",
                    "write": false
                  }
                ],
                "minute_metrics": [
                  {
                    "enabled": false,
                    "include_apis": false,
                    "retention_policy_days": 0,
                    "version": "1.0"
                  }
                ]
              }
            ],
            "resource_group_name": "n01498358-assignment1-RG",
            "routing": [],
            "sas_policy": [],
            "secondary_access_key": "XfqrMgGT6szVRQXZZI3kFgb69EsAnHbrrqMd24ApGYjXaOOsa+agNmhjJPiDgxDOtyHRKMgH8uRC+ASt/A3FOQ==",
            "secondary_blob_connection_string": "",
            "secondary_blob_endpoint": null,
            "secondary_blob_host": null,
            "secondary_connection_string": "DefaultEndpointsProtocol=https;AccountName=st8358;AccountKey=XfqrMgGT6szVRQXZZI3kFgb69EsAnHbrrqMd24ApGYjXaOOsa+agNmhjJPiDgxDOtyHRKMgH8uRC+ASt/A3FOQ==;EndpointSuffix=core.windows.net",
            "secondary_dfs_endpoint": null,
            "secondary_dfs_host": null,
            "secondary_file_endpoint": null,
            "secondary_file_host": null,
            "secondary_location": "",
            "secondary_queue_endpoint": null,
            "secondary_queue_host": null,
            "secondary_table_endpoint": null,
            "secondary_table_host": null,
            "secondary_web_endpoint": null,
            "secondary_web_host": null,
            "sftp_enabled": false,
            "share_properties": [
              {
                "cors_rule": [],
                "retention_policy": [
                  {
                    "days": 7
                  }
                ],
                "smb": []
              }
            ],
            "shared_access_key_enabled": true,
            "static_website": [],
            "table_encryption_key_type": "Service",
            "tags": {
              "Environment": "Lab",
              "ExpirationDate": "2023-06-30",
              "Name": "sahil.solanki",
              "Project": "Automation Project – Assignment 1"
            },
            "timeouts": null
          },
          "sensitive_attributes": [],
          "private": "eyJlMmJmYjczMC1lY2FhLTExZTYtOGY4OC0zNDM2M2JjN2M0YzAiOnsiY3JlYXRlIjozNjAwMDAwMDAwMDAwLCJkZWxldGUiOjM2MDAwMDAwMDAwMDAsInJlYWQiOjMwMDAwMDAwMDAwMCwidXBkYXRlIjozNjAwMDAwMDAwMDAwfSwic2NoZW1hX3ZlcnNpb24iOiIzIn0=",
          "dependencies": [
            "module.rgroup.azurerm_resource_group.rgroup"
          ]
        }
      ]
    },
    {
      "module": "module.database",
      "mode": "managed",
      "type": "azurerm_postgresql_server",
      "name": "database",
      "provider": "provider[\"registry.terraform.io/hashicorp/azurerm\"]",
      "instances": [
        {
          "schema_version": 1,
          "attributes": {
            "administrator_login": "adminuser",
            "administrator_login_password": "Sahil@123",
            "auto_grow_enabled": true,
            "backup_retention_days": 7,
            "create_mode": "Default",
            "creation_source_server_id": null,
            "fqdn": "n8358-database.postgres.database.azure.com",
            "geo_redundant_backup_enabled": false,
            "id": "/subscriptions/dfbc44eb-f4ee-4bb1-952a-f94f1edcd71d/resourceGroups/n01498358-assignment1-RG/providers/Microsoft.DBforPostgreSQL/servers/n8358-database",
            "identity": [],
            "infrastructure_encryption_enabled": false,
            "location": "eastus",
            "name": "n8358-database",
            "public_network_access_enabled": true,
            "resource_group_name": "n01498358-assignment1-RG",
            "restore_point_in_time": null,
            "sku_name": "B_Gen5_1",
            "ssl_enforcement_enabled": true,
            "ssl_minimal_tls_version_enforced": "TLS1_2",
            "storage_mb": 5120,
            "tags": {
              "Environment": "Lab",
              "ExpirationDate": "2023-06-30",
              "Name": "sahil.solanki",
              "Project": "Automation Project – Assignment 1"
            },
            "threat_detection_policy": [],
            "timeouts": null,
            "version": "10.0"
          },
          "sensitive_attributes": [],
          "private": "eyJlMmJmYjczMC1lY2FhLTExZTYtOGY4OC0zNDM2M2JjN2M0YzAiOnsiY3JlYXRlIjozNjAwMDAwMDAwMDAwLCJkZWxldGUiOjM2MDAwMDAwMDAwMDAsInJlYWQiOjMwMDAwMDAwMDAwMCwidXBkYXRlIjozNjAwMDAwMDAwMDAwfSwic2NoZW1hX3ZlcnNpb24iOiIxIn0=",
          "dependencies": [
            "module.rgroup.azurerm_resource_group.rgroup"
          ]
        }
      ]
    },
    {
      "module": "module.datadisk",
      "mode": "managed",
      "type": "azurerm_managed_disk",
      "name": "data_disk",
      "provider": "provider[\"registry.terraform.io/hashicorp/azurerm\"]",
      "instances": [
        {
          "index_key": 0,
          "schema_version": 1,
          "attributes": {
            "create_option": "Empty",
            "disk_access_id": "",
            "disk_encryption_set_id": "",
            "disk_iops_read_only": 0,
            "disk_iops_read_write": 500,
            "disk_mbps_read_only": 0,
            "disk_mbps_read_write": 60,
            "disk_size_gb": 10,
            "edge_zone": "",
            "encryption_settings": [],
            "gallery_image_reference_id": "",
            "hyper_v_generation": "",
            "id": "/subscriptions/dfbc44eb-f4ee-4bb1-952a-f94f1edcd71d/resourceGroups/n01498358-assignment1-RG/providers/Microsoft.Compute/disks/datadisk-0",
            "image_reference_id": "",
            "location": "eastus",
            "logical_sector_size": null,
            "max_shares": 0,
            "name": "datadisk-0",
            "network_access_policy": null,
            "on_demand_bursting_enabled": false,
            "os_type": "",
            "public_network_access_enabled": true,
            "resource_group_name": "n01498358-assignment1-RG",
            "secure_vm_disk_encryption_set_id": "",
            "security_type": "",
            "source_resource_id": "",
            "source_uri": "",
            "storage_account_id": "",
            "storage_account_type": "Standard_LRS",
            "tags": {},
            "tier": "",
            "timeouts": null,
            "trusted_launch_enabled": false,
            "upload_size_bytes": 0,
            "zone": ""
          },
          "sensitive_attributes": [],
          "private": "eyJlMmJmYjczMC1lY2FhLTExZTYtOGY4OC0zNDM2M2JjN2M0YzAiOnsiY3JlYXRlIjoxODAwMDAwMDAwMDAwLCJkZWxldGUiOjE4MDAwMDAwMDAwMDAsInJlYWQiOjMwMDAwMDAwMDAwMCwidXBkYXRlIjoxODAwMDAwMDAwMDAwfSwic2NoZW1hX3ZlcnNpb24iOiIxIn0=",
          "dependencies": [
            "module.rgroup.azurerm_resource_group.rgroup"
          ]
        },
        {
          "index_key": 1,
          "schema_version": 1,
          "attributes": {
            "create_option": "Empty",
            "disk_access_id": "",
            "disk_encryption_set_id": "",
            "disk_iops_read_only": 0,
            "disk_iops_read_write": 500,
            "disk_mbps_read_only": 0,
            "disk_mbps_read_write": 60,
            "disk_size_gb": 10,
            "edge_zone": "",
            "encryption_settings": [],
            "gallery_image_reference_id": "",
            "hyper_v_generation": "",
            "id": "/subscriptions/dfbc44eb-f4ee-4bb1-952a-f94f1edcd71d/resourceGroups/n01498358-assignment1-RG/providers/Microsoft.Compute/disks/datadisk-1",
            "image_reference_id": "",
            "location": "eastus",
            "logical_sector_size": null,
            "max_shares": 0,
            "name": "datadisk-1",
            "network_access_policy": null,
            "on_demand_bursting_enabled": false,
            "os_type": "",
            "public_network_access_enabled": true,
            "resource_group_name": "n01498358-assignment1-RG",
            "secure_vm_disk_encryption_set_id": "",
            "security_type": "",
            "source_resource_id": "",
            "source_uri": "",
            "storage_account_id": "",
            "storage_account_type": "Standard_LRS",
            "tags": {},
            "tier": "",
            "timeouts": null,
            "trusted_launch_enabled": false,
            "upload_size_bytes": 0,
            "zone": ""
          },
          "sensitive_attributes": [],
          "private": "eyJlMmJmYjczMC1lY2FhLTExZTYtOGY4OC0zNDM2M2JjN2M0YzAiOnsiY3JlYXRlIjoxODAwMDAwMDAwMDAwLCJkZWxldGUiOjE4MDAwMDAwMDAwMDAsInJlYWQiOjMwMDAwMDAwMDAwMCwidXBkYXRlIjoxODAwMDAwMDAwMDAwfSwic2NoZW1hX3ZlcnNpb24iOiIxIn0=",
          "dependencies": [
            "module.rgroup.azurerm_resource_group.rgroup"
          ]
        },
        {
          "index_key": 2,
          "schema_version": 1,
          "attributes": {
            "create_option": "Empty",
            "disk_access_id": "",
            "disk_encryption_set_id": "",
            "disk_iops_read_only": 0,
            "disk_iops_read_write": 500,
            "disk_mbps_read_only": 0,
            "disk_mbps_read_write": 60,
            "disk_size_gb": 10,
            "edge_zone": "",
            "encryption_settings": [],
            "gallery_image_reference_id": "",
            "hyper_v_generation": "",
            "id": "/subscriptions/dfbc44eb-f4ee-4bb1-952a-f94f1edcd71d/resourceGroups/n01498358-assignment1-RG/providers/Microsoft.Compute/disks/datadisk-2",
            "image_reference_id": "",
            "location": "eastus",
            "logical_sector_size": null,
            "max_shares": 0,
            "name": "datadisk-2",
            "network_access_policy": null,
            "on_demand_bursting_enabled": false,
            "os_type": "",
            "public_network_access_enabled": true,
            "resource_group_name": "n01498358-assignment1-RG",
            "secure_vm_disk_encryption_set_id": "",
            "security_type": "",
            "source_resource_id": "",
            "source_uri": "",
            "storage_account_id": "",
            "storage_account_type": "Standard_LRS",
            "tags": {},
            "tier": "",
            "timeouts": null,
            "trusted_launch_enabled": false,
            "upload_size_bytes": 0,
            "zone": ""
          },
          "sensitive_attributes": [],
          "private": "eyJlMmJmYjczMC1lY2FhLTExZTYtOGY4OC0zNDM2M2JjN2M0YzAiOnsiY3JlYXRlIjoxODAwMDAwMDAwMDAwLCJkZWxldGUiOjE4MDAwMDAwMDAwMDAsInJlYWQiOjMwMDAwMDAwMDAwMCwidXBkYXRlIjoxODAwMDAwMDAwMDAwfSwic2NoZW1hX3ZlcnNpb24iOiIxIn0=",
          "dependencies": [
            "module.rgroup.azurerm_resource_group.rgroup"
          ]
        }
      ]
    },
    {
      "module": "module.datadisk",
      "mode": "managed",
      "type": "azurerm_virtual_machine_data_disk_attachment",
      "name": "data_disk_linux",
      "provider": "provider[\"registry.terraform.io/hashicorp/azurerm\"]",
      "instances": [
        {
          "index_key": 0,
          "schema_version": 0,
          "attributes": {
            "caching": "None",
            "create_option": "Attach",
            "id": "/subscriptions/dfbc44eb-f4ee-4bb1-952a-f94f1edcd71d/resourceGroups/n01498358-assignment1-RG/providers/Microsoft.Compute/virtualMachines/vm-1/dataDisks/datadisk-0",
            "lun": 0,
            "managed_disk_id": "/subscriptions/dfbc44eb-f4ee-4bb1-952a-f94f1edcd71d/resourceGroups/n01498358-assignment1-RG/providers/Microsoft.Compute/disks/datadisk-0",
            "timeouts": null,
            "virtual_machine_id": "/subscriptions/dfbc44eb-f4ee-4bb1-952a-f94f1edcd71d/resourceGroups/n01498358-assignment1-RG/providers/Microsoft.Compute/virtualMachines/vm-1",
            "write_accelerator_enabled": false
          },
          "sensitive_attributes": [],
          "private": "eyJlMmJmYjczMC1lY2FhLTExZTYtOGY4OC0zNDM2M2JjN2M0YzAiOnsiY3JlYXRlIjoxODAwMDAwMDAwMDAwLCJkZWxldGUiOjE4MDAwMDAwMDAwMDAsInJlYWQiOjMwMDAwMDAwMDAwMCwidXBkYXRlIjoxODAwMDAwMDAwMDAwfX0=",
          "dependencies": [
            "module.common.azurerm_storage_account.storage_account",
            "module.datadisk.azurerm_managed_disk.data_disk",
            "module.linux.azurerm_availability_set.av_set",
            "module.linux.azurerm_linux_virtual_machine.vm",
            "module.linux.azurerm_network_interface.nic",
            "module.linux.azurerm_public_ip.public_ip",
            "module.network.azurerm_subnet.subnet",
            "module.network.azurerm_virtual_network.vnet",
            "module.rgroup.azurerm_resource_group.rgroup"
          ]
        },
        {
          "index_key": 1,
          "schema_version": 0,
          "attributes": {
            "caching": "None",
            "create_option": "Attach",
            "id": "/subscriptions/dfbc44eb-f4ee-4bb1-952a-f94f1edcd71d/resourceGroups/n01498358-assignment1-RG/providers/Microsoft.Compute/virtualMachines/vm-2/dataDisks/datadisk-1",
            "lun": 1,
            "managed_disk_id": "/subscriptions/dfbc44eb-f4ee-4bb1-952a-f94f1edcd71d/resourceGroups/n01498358-assignment1-RG/providers/Microsoft.Compute/disks/datadisk-1",
            "timeouts": null,
            "virtual_machine_id": "/subscriptions/dfbc44eb-f4ee-4bb1-952a-f94f1edcd71d/resourceGroups/n01498358-assignment1-RG/providers/Microsoft.Compute/virtualMachines/vm-2",
            "write_accelerator_enabled": false
          },
          "sensitive_attributes": [],
          "private": "eyJlMmJmYjczMC1lY2FhLTExZTYtOGY4OC0zNDM2M2JjN2M0YzAiOnsiY3JlYXRlIjoxODAwMDAwMDAwMDAwLCJkZWxldGUiOjE4MDAwMDAwMDAwMDAsInJlYWQiOjMwMDAwMDAwMDAwMCwidXBkYXRlIjoxODAwMDAwMDAwMDAwfX0=",
          "dependencies": [
            "module.common.azurerm_storage_account.storage_account",
            "module.datadisk.azurerm_managed_disk.data_disk",
            "module.linux.azurerm_availability_set.av_set",
            "module.linux.azurerm_linux_virtual_machine.vm",
            "module.linux.azurerm_network_interface.nic",
            "module.linux.azurerm_public_ip.public_ip",
            "module.network.azurerm_subnet.subnet",
            "module.network.azurerm_virtual_network.vnet",
            "module.rgroup.azurerm_resource_group.rgroup"
          ]
        }
      ]
    },
    {
      "module": "module.datadisk",
      "mode": "managed",
      "type": "azurerm_virtual_machine_data_disk_attachment",
      "name": "data_disk_windows",
      "provider": "provider[\"registry.terraform.io/hashicorp/azurerm\"]",
      "instances": [
        {
          "schema_version": 0,
          "attributes": {
            "caching": "None",
            "create_option": "Attach",
            "id": "/subscriptions/dfbc44eb-f4ee-4bb1-952a-f94f1edcd71d/resourceGroups/n01498358-assignment1-RG/providers/Microsoft.Compute/virtualMachines/vm-windows/dataDisks/datadisk-2",
            "lun": 0,
            "managed_disk_id": "/subscriptions/dfbc44eb-f4ee-4bb1-952a-f94f1edcd71d/resourceGroups/n01498358-assignment1-RG/providers/Microsoft.Compute/disks/datadisk-2",
            "timeouts": null,
            "virtual_machine_id": "/subscriptions/dfbc44eb-f4ee-4bb1-952a-f94f1edcd71d/resourceGroups/n01498358-assignment1-RG/providers/Microsoft.Compute/virtualMachines/vm-windows",
            "write_accelerator_enabled": false
          },
          "sensitive_attributes": [],
          "private": "eyJlMmJmYjczMC1lY2FhLTExZTYtOGY4OC0zNDM2M2JjN2M0YzAiOnsiY3JlYXRlIjoxODAwMDAwMDAwMDAwLCJkZWxldGUiOjE4MDAwMDAwMDAwMDAsInJlYWQiOjMwMDAwMDAwMDAwMCwidXBkYXRlIjoxODAwMDAwMDAwMDAwfX0=",
          "dependencies": [
            "module.common.azurerm_storage_account.storage_account",
            "module.datadisk.azurerm_managed_disk.data_disk",
            "module.network.azurerm_subnet.subnet",
            "module.network.azurerm_virtual_network.vnet",
            "module.rgroup.azurerm_resource_group.rgroup",
            "module.vm_windows.azurerm_availability_set.windows_avail_set",
            "module.vm_windows.azurerm_network_interface.vm_nic",
            "module.vm_windows.azurerm_public_ip.vm_windows_public_ip",
            "module.vm_windows.azurerm_virtual_machine.vm_windows"
          ]
        }
      ]
    },
    {
      "module": "module.linux",
      "mode": "managed",
      "type": "azurerm_availability_set",
      "name": "av_set",
      "provider": "provider[\"registry.terraform.io/hashicorp/azurerm\"]",
      "instances": [
        {
          "schema_version": 0,
          "attributes": {
            "id": "/subscriptions/dfbc44eb-f4ee-4bb1-952a-f94f1edcd71d/resourceGroups/n01498358-assignment1-RG/providers/Microsoft.Compute/availabilitySets/av-set",
            "location": "eastus",
            "managed": true,
            "name": "av-set",
            "platform_fault_domain_count": 3,
            "platform_update_domain_count": 5,
            "proximity_placement_group_id": null,
            "resource_group_name": "n01498358-assignment1-RG",
            "tags": {
              "Environment": "Lab",
              "ExpirationDate": "2023-06-30",
              "Name": "sahil.solanki",
              "Project": "Automation Project – Assignment 1"
            },
            "timeouts": null
          },
          "sensitive_attributes": [],
          "private": "eyJlMmJmYjczMC1lY2FhLTExZTYtOGY4OC0zNDM2M2JjN2M0YzAiOnsiY3JlYXRlIjoxODAwMDAwMDAwMDAwLCJkZWxldGUiOjE4MDAwMDAwMDAwMDAsInJlYWQiOjMwMDAwMDAwMDAwMCwidXBkYXRlIjoxODAwMDAwMDAwMDAwfX0=",
          "dependencies": [
            "module.rgroup.azurerm_resource_group.rgroup"
          ]
        }
      ]
    },
    {
      "module": "module.linux",
      "mode": "managed",
      "type": "azurerm_linux_virtual_machine",
      "name": "vm",
      "provider": "provider[\"registry.terraform.io/hashicorp/azurerm\"]",
      "instances": [
        {
          "index_key": 0,
          "schema_version": 0,
          "attributes": {
            "additional_capabilities": [],
            "admin_password": null,
            "admin_ssh_key": [
              {
                "public_key": "ssh-rsa AAAAB3NzaC1yc2EAAAADAQABAAABgQDYYd4kf6SF06J2b7+7yiVpFByvnmcB+uO/+cyPY99oIQ9jXThDt3YEOQB7OwjeVI4HlwMW3MCcxuDngkaHC79rBqL69NZTzjJ4Y54eKGSDYfdNDqR7/he9bcwS2FVC4vIFSxYifvdeUwvX7T0gtc1HOlVZ/fbXycdyYBD+Qv5t61cshc5r821HF5cTuC7XSUEnowZNFXL6g5Pp8QSt9p/rdgSdxLhEieZb8F7Y6qKcswxwZaB9Yav2Ipze9eqs8kAcUj1s6KdvuBjcbQvHH+a7RoWCM8zCPa/pP83Rn3AGquvWUavNic0vvFsNckTq+xDeDp6Lc3x6x6mGbFMH49PjvPUjmcDX5nsQjvLMZuNcpS4Q6eUkhN+ROqR0TiP55vcJjSRceQhZHRvDoQesmBlV6hkglCcja1BDof+ygQTEhREshSkKj5Fe1ny8YemBt/UFs+1zXQusYdQX6D3VXllkkB6UEUBuQ5sVKLQV15kzy6UTXsIBPp4f1OxWA47XqjE= Sahil@SAHIL\n",
                "username": "adminuser"
              }
            ],
            "admin_username": "adminuser",
            "allow_extension_operations": true,
            "availability_set_id": "/subscriptions/dfbc44eb-f4ee-4bb1-952a-f94f1edcd71d/resourceGroups/n01498358-assignment1-RG/providers/Microsoft.Compute/availabilitySets/AV-SET",
            "boot_diagnostics": [
              {
                "storage_account_uri": "https://st8358.blob.core.windows.net/"
              }
            ],
            "capacity_reservation_group_id": "",
            "computer_name": "vm-1-dnslabel",
            "custom_data": null,
            "dedicated_host_group_id": "",
            "dedicated_host_id": "",
            "disable_password_authentication": true,
            "edge_zone": "",
            "encryption_at_host_enabled": false,
            "eviction_policy": "",
            "extensions_time_budget": "PT1H30M",
            "gallery_application": [],
            "id": "/subscriptions/dfbc44eb-f4ee-4bb1-952a-f94f1edcd71d/resourceGroups/n01498358-assignment1-RG/providers/Microsoft.Compute/virtualMachines/vm-1",
            "identity": [],
            "license_type": "",
            "location": "eastus",
            "max_bid_price": -1,
            "name": "vm-1",
            "network_interface_ids": [
              "/subscriptions/dfbc44eb-f4ee-4bb1-952a-f94f1edcd71d/resourceGroups/n01498358-assignment1-RG/providers/Microsoft.Network/networkInterfaces/nic-1"
            ],
            "os_disk": [
              {
                "caching": "ReadWrite",
                "diff_disk_settings": [],
                "disk_encryption_set_id": "",
                "disk_size_gb": 30,
                "name": "osdisk-1",
                "secure_vm_disk_encryption_set_id": "",
                "security_encryption_type": "",
                "storage_account_type": "Standard_LRS",
                "write_accelerator_enabled": false
              }
            ],
            "patch_assessment_mode": "ImageDefault",
            "patch_mode": "ImageDefault",
            "plan": [],
            "platform_fault_domain": -1,
            "priority": "Regular",
            "private_ip_address": "10.0.1.5",
            "private_ip_addresses": [
              "10.0.1.5"
            ],
            "provision_vm_agent": true,
            "proximity_placement_group_id": "",
            "public_ip_address": "20.124.254.255",
            "public_ip_addresses": [
              "20.124.254.255"
            ],
            "resource_group_name": "n01498358-assignment1-RG",
            "secret": [],
            "secure_boot_enabled": false,
            "size": "Standard_B1s",
            "source_image_id": "",
            "source_image_reference": [
              {
                "offer": "CentOS",
                "publisher": "OpenLogic",
                "sku": "8_2",
                "version": "latest"
              }
            ],
            "tags": {
              "Environment": "Lab",
              "ExpirationDate": "2023-06-30",
              "Name": "sahil.solanki",
              "Project": "Automation Project – Assignment 1"
            },
            "termination_notification": [],
            "timeouts": null,
            "user_data": "",
            "virtual_machine_id": "e6370d7a-31cb-4b6d-9889-c53eebc70051",
            "virtual_machine_scale_set_id": "",
            "vtpm_enabled": false,
            "zone": ""
          },
          "sensitive_attributes": [],
          "private": "eyJlMmJmYjczMC1lY2FhLTExZTYtOGY4OC0zNDM2M2JjN2M0YzAiOnsiY3JlYXRlIjoyNzAwMDAwMDAwMDAwLCJkZWxldGUiOjI3MDAwMDAwMDAwMDAsInJlYWQiOjMwMDAwMDAwMDAwMCwidXBkYXRlIjoyNzAwMDAwMDAwMDAwfX0=",
          "dependencies": [
            "module.common.azurerm_storage_account.storage_account",
            "module.linux.azurerm_availability_set.av_set",
            "module.linux.azurerm_network_interface.nic",
            "module.linux.azurerm_public_ip.public_ip",
            "module.network.azurerm_subnet.subnet",
            "module.network.azurerm_virtual_network.vnet",
            "module.rgroup.azurerm_resource_group.rgroup"
          ]
        },
        {
          "index_key": 1,
          "schema_version": 0,
          "attributes": {
            "additional_capabilities": [],
            "admin_password": null,
            "admin_ssh_key": [
              {
                "public_key": "ssh-rsa AAAAB3NzaC1yc2EAAAADAQABAAABgQDYYd4kf6SF06J2b7+7yiVpFByvnmcB+uO/+cyPY99oIQ9jXThDt3YEOQB7OwjeVI4HlwMW3MCcxuDngkaHC79rBqL69NZTzjJ4Y54eKGSDYfdNDqR7/he9bcwS2FVC4vIFSxYifvdeUwvX7T0gtc1HOlVZ/fbXycdyYBD+Qv5t61cshc5r821HF5cTuC7XSUEnowZNFXL6g5Pp8QSt9p/rdgSdxLhEieZb8F7Y6qKcswxwZaB9Yav2Ipze9eqs8kAcUj1s6KdvuBjcbQvHH+a7RoWCM8zCPa/pP83Rn3AGquvWUavNic0vvFsNckTq+xDeDp6Lc3x6x6mGbFMH49PjvPUjmcDX5nsQjvLMZuNcpS4Q6eUkhN+ROqR0TiP55vcJjSRceQhZHRvDoQesmBlV6hkglCcja1BDof+ygQTEhREshSkKj5Fe1ny8YemBt/UFs+1zXQusYdQX6D3VXllkkB6UEUBuQ5sVKLQV15kzy6UTXsIBPp4f1OxWA47XqjE= Sahil@SAHIL\n",
                "username": "adminuser"
              }
            ],
            "admin_username": "adminuser",
            "allow_extension_operations": true,
            "availability_set_id": "/subscriptions/dfbc44eb-f4ee-4bb1-952a-f94f1edcd71d/resourceGroups/n01498358-assignment1-RG/providers/Microsoft.Compute/availabilitySets/AV-SET",
            "boot_diagnostics": [
              {
                "storage_account_uri": "https://st8358.blob.core.windows.net/"
              }
            ],
            "capacity_reservation_group_id": "",
            "computer_name": "vm-2-dnslabel",
            "custom_data": null,
            "dedicated_host_group_id": "",
            "dedicated_host_id": "",
            "disable_password_authentication": true,
            "edge_zone": "",
            "encryption_at_host_enabled": false,
            "eviction_policy": "",
            "extensions_time_budget": "PT1H30M",
            "gallery_application": [],
            "id": "/subscriptions/dfbc44eb-f4ee-4bb1-952a-f94f1edcd71d/resourceGroups/n01498358-assignment1-RG/providers/Microsoft.Compute/virtualMachines/vm-2",
            "identity": [],
            "license_type": "",
            "location": "eastus",
            "max_bid_price": -1,
            "name": "vm-2",
            "network_interface_ids": [
              "/subscriptions/dfbc44eb-f4ee-4bb1-952a-f94f1edcd71d/resourceGroups/n01498358-assignment1-RG/providers/Microsoft.Network/networkInterfaces/nic-2"
            ],
            "os_disk": [
              {
                "caching": "ReadWrite",
                "diff_disk_settings": [],
                "disk_encryption_set_id": "",
                "disk_size_gb": 30,
                "name": "osdisk-2",
                "secure_vm_disk_encryption_set_id": "",
                "security_encryption_type": "",
                "storage_account_type": "Standard_LRS",
                "write_accelerator_enabled": false
              }
            ],
            "patch_assessment_mode": "ImageDefault",
            "patch_mode": "ImageDefault",
            "plan": [],
            "platform_fault_domain": -1,
            "priority": "Regular",
            "private_ip_address": "10.0.1.4",
            "private_ip_addresses": [
              "10.0.1.4"
            ],
            "provision_vm_agent": true,
            "proximity_placement_group_id": "",
            "public_ip_address": "20.120.84.77",
            "public_ip_addresses": [
              "20.120.84.77"
            ],
            "resource_group_name": "n01498358-assignment1-RG",
            "secret": [],
            "secure_boot_enabled": false,
            "size": "Standard_B1s",
            "source_image_id": "",
            "source_image_reference": [
              {
                "offer": "CentOS",
                "publisher": "OpenLogic",
                "sku": "8_2",
                "version": "latest"
              }
            ],
            "tags": {
              "Environment": "Lab",
              "ExpirationDate": "2023-06-30",
              "Name": "sahil.solanki",
              "Project": "Automation Project – Assignment 1"
            },
            "termination_notification": [],
            "timeouts": null,
            "user_data": "",
            "virtual_machine_id": "952d2d9b-e68f-46dd-85ec-5b9e52df3439",
            "virtual_machine_scale_set_id": "",
            "vtpm_enabled": false,
            "zone": ""
          },
          "sensitive_attributes": [],
          "private": "eyJlMmJmYjczMC1lY2FhLTExZTYtOGY4OC0zNDM2M2JjN2M0YzAiOnsiY3JlYXRlIjoyNzAwMDAwMDAwMDAwLCJkZWxldGUiOjI3MDAwMDAwMDAwMDAsInJlYWQiOjMwMDAwMDAwMDAwMCwidXBkYXRlIjoyNzAwMDAwMDAwMDAwfX0=",
          "dependencies": [
            "module.common.azurerm_storage_account.storage_account",
            "module.linux.azurerm_availability_set.av_set",
            "module.linux.azurerm_network_interface.nic",
            "module.linux.azurerm_public_ip.public_ip",
            "module.network.azurerm_subnet.subnet",
            "module.network.azurerm_virtual_network.vnet",
            "module.rgroup.azurerm_resource_group.rgroup"
          ]
        }
      ]
    },
    {
      "module": "module.linux",
      "mode": "managed",
      "type": "azurerm_network_interface",
      "name": "nic",
      "provider": "provider[\"registry.terraform.io/hashicorp/azurerm\"]",
      "instances": [
        {
          "index_key": 0,
          "schema_version": 0,
          "attributes": {
            "applied_dns_servers": [],
            "dns_servers": [],
            "edge_zone": "",
            "enable_accelerated_networking": false,
            "enable_ip_forwarding": false,
            "id": "/subscriptions/dfbc44eb-f4ee-4bb1-952a-f94f1edcd71d/resourceGroups/n01498358-assignment1-RG/providers/Microsoft.Network/networkInterfaces/nic-1",
            "internal_dns_name_label": "",
            "internal_domain_name_suffix": "24ro4udw225ejjzzdshlgaj1bc.bx.internal.cloudapp.net",
            "ip_configuration": [
              {
                "gateway_load_balancer_frontend_ip_configuration_id": "",
                "name": "nic-ip-config-1",
                "primary": true,
                "private_ip_address": "10.0.1.5",
                "private_ip_address_allocation": "Dynamic",
                "private_ip_address_version": "IPv4",
                "public_ip_address_id": "/subscriptions/dfbc44eb-f4ee-4bb1-952a-f94f1edcd71d/resourceGroups/n01498358-assignment1-RG/providers/Microsoft.Network/publicIPAddresses/publicip-1",
                "subnet_id": "/subscriptions/dfbc44eb-f4ee-4bb1-952a-f94f1edcd71d/resourceGroups/n01498358-assignment1-RG/providers/Microsoft.Network/virtualNetworks/8358vnet/subnets/subnet1"
              }
            ],
            "location": "eastus",
            "mac_address": "60-45-BD-DA-3A-C6",
            "name": "nic-1",
            "private_ip_address": "10.0.1.5",
            "private_ip_addresses": [
              "10.0.1.5"
            ],
            "resource_group_name": "n01498358-assignment1-RG",
            "tags": {
              "Environment": "Lab",
              "ExpirationDate": "2023-06-30",
              "Name": "sahil.solanki",
              "Project": "Automation Project – Assignment 1"
            },
            "timeouts": null,
            "virtual_machine_id": "/subscriptions/dfbc44eb-f4ee-4bb1-952a-f94f1edcd71d/resourceGroups/n01498358-assignment1-RG/providers/Microsoft.Compute/virtualMachines/vm-1"
          },
          "sensitive_attributes": [],
          "private": "eyJlMmJmYjczMC1lY2FhLTExZTYtOGY4OC0zNDM2M2JjN2M0YzAiOnsiY3JlYXRlIjoxODAwMDAwMDAwMDAwLCJkZWxldGUiOjE4MDAwMDAwMDAwMDAsInJlYWQiOjMwMDAwMDAwMDAwMCwidXBkYXRlIjoxODAwMDAwMDAwMDAwfX0=",
          "dependencies": [
            "module.linux.azurerm_public_ip.public_ip",
            "module.network.azurerm_subnet.subnet",
            "module.network.azurerm_virtual_network.vnet",
            "module.rgroup.azurerm_resource_group.rgroup"
          ]
        },
        {
          "index_key": 1,
          "schema_version": 0,
          "attributes": {
            "applied_dns_servers": [],
            "dns_servers": [],
            "edge_zone": "",
            "enable_accelerated_networking": false,
            "enable_ip_forwarding": false,
            "id": "/subscriptions/dfbc44eb-f4ee-4bb1-952a-f94f1edcd71d/resourceGroups/n01498358-assignment1-RG/providers/Microsoft.Network/networkInterfaces/nic-2",
            "internal_dns_name_label": "",
            "internal_domain_name_suffix": "24ro4udw225ejjzzdshlgaj1bc.bx.internal.cloudapp.net",
            "ip_configuration": [
              {
                "gateway_load_balancer_frontend_ip_configuration_id": "",
                "name": "nic-ip-config-2",
                "primary": true,
                "private_ip_address": "10.0.1.4",
                "private_ip_address_allocation": "Dynamic",
                "private_ip_address_version": "IPv4",
                "public_ip_address_id": "/subscriptions/dfbc44eb-f4ee-4bb1-952a-f94f1edcd71d/resourceGroups/n01498358-assignment1-RG/providers/Microsoft.Network/publicIPAddresses/publicip-2",
                "subnet_id": "/subscriptions/dfbc44eb-f4ee-4bb1-952a-f94f1edcd71d/resourceGroups/n01498358-assignment1-RG/providers/Microsoft.Network/virtualNetworks/8358vnet/subnets/subnet1"
              }
            ],
            "location": "eastus",
            "mac_address": "60-45-BD-A6-E9-ED",
            "name": "nic-2",
            "private_ip_address": "10.0.1.4",
            "private_ip_addresses": [
              "10.0.1.4"
            ],
            "resource_group_name": "n01498358-assignment1-RG",
            "tags": {
              "Environment": "Lab",
              "ExpirationDate": "2023-06-30",
              "Name": "sahil.solanki",
              "Project": "Automation Project – Assignment 1"
            },
            "timeouts": null,
            "virtual_machine_id": "/subscriptions/dfbc44eb-f4ee-4bb1-952a-f94f1edcd71d/resourceGroups/n01498358-assignment1-RG/providers/Microsoft.Compute/virtualMachines/vm-2"
          },
          "sensitive_attributes": [],
          "private": "eyJlMmJmYjczMC1lY2FhLTExZTYtOGY4OC0zNDM2M2JjN2M0YzAiOnsiY3JlYXRlIjoxODAwMDAwMDAwMDAwLCJkZWxldGUiOjE4MDAwMDAwMDAwMDAsInJlYWQiOjMwMDAwMDAwMDAwMCwidXBkYXRlIjoxODAwMDAwMDAwMDAwfX0=",
          "dependencies": [
            "module.linux.azurerm_public_ip.public_ip",
            "module.network.azurerm_subnet.subnet",
            "module.network.azurerm_virtual_network.vnet",
            "module.rgroup.azurerm_resource_group.rgroup"
          ]
        }
      ]
    },
    {
      "module": "module.linux",
      "mode": "managed",
      "type": "azurerm_public_ip",
      "name": "public_ip",
      "provider": "provider[\"registry.terraform.io/hashicorp/azurerm\"]",
      "instances": [
        {
          "index_key": 0,
          "schema_version": 0,
          "attributes": {
            "allocation_method": "Static",
            "ddos_protection_mode": "VirtualNetworkInherited",
            "ddos_protection_plan_id": null,
            "domain_name_label": null,
            "edge_zone": "",
            "fqdn": null,
            "id": "/subscriptions/dfbc44eb-f4ee-4bb1-952a-f94f1edcd71d/resourceGroups/n01498358-assignment1-RG/providers/Microsoft.Network/publicIPAddresses/publicip-1",
            "idle_timeout_in_minutes": 4,
            "ip_address": "20.124.254.255",
            "ip_tags": {},
            "ip_version": "IPv4",
            "location": "eastus",
            "name": "publicip-1",
            "public_ip_prefix_id": null,
            "resource_group_name": "n01498358-assignment1-RG",
            "reverse_fqdn": null,
            "sku": "Basic",
            "sku_tier": "Regional",
            "tags": {
              "Environment": "Lab",
              "ExpirationDate": "2023-06-30",
              "Name": "sahil.solanki",
              "Project": "Automation Project – Assignment 1"
            },
            "timeouts": null,
            "zones": []
          },
          "sensitive_attributes": [],
          "private": "eyJlMmJmYjczMC1lY2FhLTExZTYtOGY4OC0zNDM2M2JjN2M0YzAiOnsiY3JlYXRlIjoxODAwMDAwMDAwMDAwLCJkZWxldGUiOjE4MDAwMDAwMDAwMDAsInJlYWQiOjMwMDAwMDAwMDAwMCwidXBkYXRlIjoxODAwMDAwMDAwMDAwfX0=",
          "dependencies": [
            "module.rgroup.azurerm_resource_group.rgroup"
          ]
        },
        {
          "index_key": 1,
          "schema_version": 0,
          "attributes": {
            "allocation_method": "Static",
            "ddos_protection_mode": "VirtualNetworkInherited",
            "ddos_protection_plan_id": null,
            "domain_name_label": null,
            "edge_zone": "",
            "fqdn": null,
            "id": "/subscriptions/dfbc44eb-f4ee-4bb1-952a-f94f1edcd71d/resourceGroups/n01498358-assignment1-RG/providers/Microsoft.Network/publicIPAddresses/publicip-2",
            "idle_timeout_in_minutes": 4,
            "ip_address": "20.120.84.77",
            "ip_tags": {},
            "ip_version": "IPv4",
            "location": "eastus",
            "name": "publicip-2",
            "public_ip_prefix_id": null,
            "resource_group_name": "n01498358-assignment1-RG",
            "reverse_fqdn": null,
            "sku": "Basic",
            "sku_tier": "Regional",
            "tags": {
              "Environment": "Lab",
              "ExpirationDate": "2023-06-30",
              "Name": "sahil.solanki",
              "Project": "Automation Project – Assignment 1"
            },
            "timeouts": null,
            "zones": []
          },
          "sensitive_attributes": [],
          "private": "eyJlMmJmYjczMC1lY2FhLTExZTYtOGY4OC0zNDM2M2JjN2M0YzAiOnsiY3JlYXRlIjoxODAwMDAwMDAwMDAwLCJkZWxldGUiOjE4MDAwMDAwMDAwMDAsInJlYWQiOjMwMDAwMDAwMDAwMCwidXBkYXRlIjoxODAwMDAwMDAwMDAwfX0=",
          "dependencies": [
            "module.rgroup.azurerm_resource_group.rgroup"
          ]
        }
      ]
    },
    {
      "module": "module.linux",
      "mode": "managed",
      "type": "azurerm_virtual_machine_extension",
      "name": "network_watcher_extension",
      "provider": "provider[\"registry.terraform.io/hashicorp/azurerm\"]",
      "instances": [
        {
          "index_key": 0,
          "schema_version": 0,
          "attributes": {
            "auto_upgrade_minor_version": false,
            "automatic_upgrade_enabled": false,
            "failure_suppression_enabled": false,
            "id": "/subscriptions/dfbc44eb-f4ee-4bb1-952a-f94f1edcd71d/resourceGroups/n01498358-assignment1-RG/providers/Microsoft.Compute/virtualMachines/vm-1/extensions/network-watcher-extension-1",
            "name": "network-watcher-extension-1",
            "protected_settings": null,
            "protected_settings_from_key_vault": [],
            "publisher": "Microsoft.Azure.NetworkWatcher",
            "settings": null,
            "tags": {
              "Environment": "Lab",
              "ExpirationDate": "2023-06-30",
              "Name": "sahil.solanki",
              "Project": "Automation Project – Assignment 1"
            },
            "timeouts": null,
            "type": "NetworkWatcherAgentLinux",
            "type_handler_version": "1.4",
            "virtual_machine_id": "/subscriptions/dfbc44eb-f4ee-4bb1-952a-f94f1edcd71d/resourceGroups/n01498358-assignment1-RG/providers/Microsoft.Compute/virtualMachines/vm-1"
          },
          "sensitive_attributes": [],
          "private": "eyJlMmJmYjczMC1lY2FhLTExZTYtOGY4OC0zNDM2M2JjN2M0YzAiOnsiY3JlYXRlIjoxODAwMDAwMDAwMDAwLCJkZWxldGUiOjE4MDAwMDAwMDAwMDAsInJlYWQiOjMwMDAwMDAwMDAwMCwidXBkYXRlIjoxODAwMDAwMDAwMDAwfX0=",
          "dependencies": [
            "module.common.azurerm_storage_account.storage_account",
            "module.linux.azurerm_availability_set.av_set",
            "module.linux.azurerm_linux_virtual_machine.vm",
            "module.linux.azurerm_network_interface.nic",
            "module.linux.azurerm_public_ip.public_ip",
            "module.network.azurerm_subnet.subnet",
            "module.network.azurerm_virtual_network.vnet",
            "module.rgroup.azurerm_resource_group.rgroup"
          ]
        },
        {
          "index_key": 1,
          "schema_version": 0,
          "attributes": {
            "auto_upgrade_minor_version": false,
            "automatic_upgrade_enabled": false,
            "failure_suppression_enabled": false,
            "id": "/subscriptions/dfbc44eb-f4ee-4bb1-952a-f94f1edcd71d/resourceGroups/n01498358-assignment1-RG/providers/Microsoft.Compute/virtualMachines/vm-2/extensions/network-watcher-extension-2",
            "name": "network-watcher-extension-2",
            "protected_settings": null,
            "protected_settings_from_key_vault": [],
            "publisher": "Microsoft.Azure.NetworkWatcher",
            "settings": null,
            "tags": {
              "Environment": "Lab",
              "ExpirationDate": "2023-06-30",
              "Name": "sahil.solanki",
              "Project": "Automation Project – Assignment 1"
            },
            "timeouts": null,
            "type": "NetworkWatcherAgentLinux",
            "type_handler_version": "1.4",
            "virtual_machine_id": "/subscriptions/dfbc44eb-f4ee-4bb1-952a-f94f1edcd71d/resourceGroups/n01498358-assignment1-RG/providers/Microsoft.Compute/virtualMachines/vm-2"
          },
          "sensitive_attributes": [],
          "private": "eyJlMmJmYjczMC1lY2FhLTExZTYtOGY4OC0zNDM2M2JjN2M0YzAiOnsiY3JlYXRlIjoxODAwMDAwMDAwMDAwLCJkZWxldGUiOjE4MDAwMDAwMDAwMDAsInJlYWQiOjMwMDAwMDAwMDAwMCwidXBkYXRlIjoxODAwMDAwMDAwMDAwfX0=",
          "dependencies": [
            "module.common.azurerm_storage_account.storage_account",
            "module.linux.azurerm_availability_set.av_set",
            "module.linux.azurerm_linux_virtual_machine.vm",
            "module.linux.azurerm_network_interface.nic",
            "module.linux.azurerm_public_ip.public_ip",
            "module.network.azurerm_subnet.subnet",
            "module.network.azurerm_virtual_network.vnet",
            "module.rgroup.azurerm_resource_group.rgroup"
          ]
        }
      ]
    },
    {
      "module": "module.linux",
      "mode": "managed",
      "type": "null_resource",
      "name": "hello_world",
      "provider": "provider[\"registry.terraform.io/hashicorp/null\"]",
      "instances": [
        {
          "schema_version": 0,
          "attributes": {
            "id": "3590403483685323702",
            "triggers": null
          },
          "sensitive_attributes": [],
          "dependencies": [
            "module.rgroup.azurerm_resource_group.rgroup"
          ]
        }
      ]
    },
    {
      "module": "module.loadbalancer",
      "mode": "managed",
      "type": "azurerm_lb",
      "name": "lb",
      "provider": "provider[\"registry.terraform.io/hashicorp/azurerm\"]",
      "instances": [
        {
          "schema_version": 0,
          "attributes": {
            "edge_zone": "",
            "frontend_ip_configuration": [
              {
                "gateway_load_balancer_frontend_ip_configuration_id": "",
                "id": "/subscriptions/dfbc44eb-f4ee-4bb1-952a-f94f1edcd71d/resourceGroups/n01498358-assignment1-RG/providers/Microsoft.Network/loadBalancers/mylb/frontendIPConfigurations/PublicIPAddress",
                "inbound_nat_rules": [],
                "load_balancer_rules": [],
                "name": "PublicIPAddress",
                "outbound_rules": [],
                "private_ip_address": "",
                "private_ip_address_allocation": "Dynamic",
                "private_ip_address_version": "",
                "public_ip_address_id": "/subscriptions/dfbc44eb-f4ee-4bb1-952a-f94f1edcd71d/resourceGroups/n01498358-assignment1-RG/providers/Microsoft.Network/publicIPAddresses/PublicIPForLB",
                "public_ip_prefix_id": "",
                "subnet_id": "",
                "zones": []
              }
            ],
            "id": "/subscriptions/dfbc44eb-f4ee-4bb1-952a-f94f1edcd71d/resourceGroups/n01498358-assignment1-RG/providers/Microsoft.Network/loadBalancers/mylb",
            "location": "eastus",
            "name": "mylb",
            "private_ip_address": "",
            "private_ip_addresses": [],
            "resource_group_name": "n01498358-assignment1-RG",
            "sku": "Basic",
            "sku_tier": "Regional",
            "tags": {},
            "timeouts": null
          },
          "sensitive_attributes": [],
          "private": "eyJlMmJmYjczMC1lY2FhLTExZTYtOGY4OC0zNDM2M2JjN2M0YzAiOnsiY3JlYXRlIjoxODAwMDAwMDAwMDAwLCJkZWxldGUiOjE4MDAwMDAwMDAwMDAsInJlYWQiOjMwMDAwMDAwMDAwMCwidXBkYXRlIjoxODAwMDAwMDAwMDAwfX0=",
          "dependencies": [
            "module.loadbalancer.azurerm_public_ip.lbpublicip",
            "module.rgroup.azurerm_resource_group.rgroup"
          ]
        }
      ]
    },
    {
      "module": "module.loadbalancer",
      "mode": "managed",
      "type": "azurerm_lb_backend_address_pool",
      "name": "pool",
      "provider": "provider[\"registry.terraform.io/hashicorp/azurerm\"]",
      "instances": [
        {
          "index_key": 0,
          "schema_version": 0,
          "attributes": {
            "backend_ip_configurations": [],
            "id": "/subscriptions/dfbc44eb-f4ee-4bb1-952a-f94f1edcd71d/resourceGroups/n01498358-assignment1-RG/providers/Microsoft.Network/loadBalancers/mylb/backendAddressPools/pool-1",
            "inbound_nat_rules": [],
            "load_balancing_rules": [],
            "loadbalancer_id": "/subscriptions/dfbc44eb-f4ee-4bb1-952a-f94f1edcd71d/resourceGroups/n01498358-assignment1-RG/providers/Microsoft.Network/loadBalancers/mylb",
            "name": "pool-1",
            "outbound_rules": [],
            "timeouts": null,
            "tunnel_interface": [],
            "virtual_network_id": ""
          },
          "sensitive_attributes": [],
          "private": "eyJlMmJmYjczMC1lY2FhLTExZTYtOGY4OC0zNDM2M2JjN2M0YzAiOnsiY3JlYXRlIjoxODAwMDAwMDAwMDAwLCJkZWxldGUiOjE4MDAwMDAwMDAwMDAsInJlYWQiOjMwMDAwMDAwMDAwMCwidXBkYXRlIjoxODAwMDAwMDAwMDAwfX0=",
          "dependencies": [
            "module.loadbalancer.azurerm_lb.lb",
            "module.loadbalancer.azurerm_public_ip.lbpublicip",
            "module.rgroup.azurerm_resource_group.rgroup"
          ]
        },
        {
          "index_key": 1,
          "schema_version": 0,
          "attributes": {
            "backend_ip_configurations": [],
            "id": "/subscriptions/dfbc44eb-f4ee-4bb1-952a-f94f1edcd71d/resourceGroups/n01498358-assignment1-RG/providers/Microsoft.Network/loadBalancers/mylb/backendAddressPools/pool-2",
            "inbound_nat_rules": [],
            "load_balancing_rules": [],
            "loadbalancer_id": "/subscriptions/dfbc44eb-f4ee-4bb1-952a-f94f1edcd71d/resourceGroups/n01498358-assignment1-RG/providers/Microsoft.Network/loadBalancers/mylb",
            "name": "pool-2",
            "outbound_rules": [],
            "timeouts": null,
            "tunnel_interface": [],
            "virtual_network_id": ""
          },
          "sensitive_attributes": [],
          "private": "eyJlMmJmYjczMC1lY2FhLTExZTYtOGY4OC0zNDM2M2JjN2M0YzAiOnsiY3JlYXRlIjoxODAwMDAwMDAwMDAwLCJkZWxldGUiOjE4MDAwMDAwMDAwMDAsInJlYWQiOjMwMDAwMDAwMDAwMCwidXBkYXRlIjoxODAwMDAwMDAwMDAwfX0=",
          "dependencies": [
            "module.loadbalancer.azurerm_lb.lb",
            "module.loadbalancer.azurerm_public_ip.lbpublicip",
            "module.rgroup.azurerm_resource_group.rgroup"
          ]
        }
      ]
    },
    {
      "module": "module.loadbalancer",
      "mode": "managed",
      "type": "azurerm_lb_probe",
      "name": "probe",
      "provider": "provider[\"registry.terraform.io/hashicorp/azurerm\"]",
      "instances": [
        {
          "schema_version": 0,
          "attributes": {
            "id": "/subscriptions/dfbc44eb-f4ee-4bb1-952a-f94f1edcd71d/resourceGroups/n01498358-assignment1-RG/providers/Microsoft.Network/loadBalancers/mylb/probes/probe",
            "interval_in_seconds": 5,
            "load_balancer_rules": [],
            "loadbalancer_id": "/subscriptions/dfbc44eb-f4ee-4bb1-952a-f94f1edcd71d/resourceGroups/n01498358-assignment1-RG/providers/Microsoft.Network/loadBalancers/mylb",
            "name": "probe",
            "number_of_probes": 2,
            "port": 80,
            "probe_threshold": 1,
            "protocol": "Http",
            "request_path": "/",
            "timeouts": null
          },
          "sensitive_attributes": [],
          "private": "eyJlMmJmYjczMC1lY2FhLTExZTYtOGY4OC0zNDM2M2JjN2M0YzAiOnsiY3JlYXRlIjoxODAwMDAwMDAwMDAwLCJkZWxldGUiOjE4MDAwMDAwMDAwMDAsInJlYWQiOjMwMDAwMDAwMDAwMCwidXBkYXRlIjoxODAwMDAwMDAwMDAwfX0=",
          "dependencies": [
            "module.loadbalancer.azurerm_lb.lb",
            "module.loadbalancer.azurerm_public_ip.lbpublicip",
            "module.rgroup.azurerm_resource_group.rgroup"
          ]
        }
      ]
    },
    {
      "module": "module.loadbalancer",
      "mode": "managed",
      "type": "azurerm_public_ip",
      "name": "lbpublicip",
      "provider": "provider[\"registry.terraform.io/hashicorp/azurerm\"]",
      "instances": [
        {
          "schema_version": 0,
          "attributes": {
            "allocation_method": "Static",
            "ddos_protection_mode": "VirtualNetworkInherited",
            "ddos_protection_plan_id": null,
            "domain_name_label": null,
            "edge_zone": "",
            "fqdn": null,
            "id": "/subscriptions/dfbc44eb-f4ee-4bb1-952a-f94f1edcd71d/resourceGroups/n01498358-assignment1-RG/providers/Microsoft.Network/publicIPAddresses/PublicIPForLB",
            "idle_timeout_in_minutes": 4,
            "ip_address": "20.115.4.31",
            "ip_tags": {},
            "ip_version": "IPv4",
            "location": "eastus",
            "name": "PublicIPForLB",
            "public_ip_prefix_id": null,
            "resource_group_name": "n01498358-assignment1-RG",
            "reverse_fqdn": null,
            "sku": "Basic",
            "sku_tier": "Regional",
            "tags": {},
            "timeouts": null,
            "zones": []
          },
          "sensitive_attributes": [],
          "private": "eyJlMmJmYjczMC1lY2FhLTExZTYtOGY4OC0zNDM2M2JjN2M0YzAiOnsiY3JlYXRlIjoxODAwMDAwMDAwMDAwLCJkZWxldGUiOjE4MDAwMDAwMDAwMDAsInJlYWQiOjMwMDAwMDAwMDAwMCwidXBkYXRlIjoxODAwMDAwMDAwMDAwfX0=",
          "dependencies": [
            "module.rgroup.azurerm_resource_group.rgroup"
          ]
        }
      ]
    },
    {
      "module": "module.network",
      "mode": "managed",
      "type": "azurerm_network_security_group",
      "name": "nsg",
      "provider": "provider[\"registry.terraform.io/hashicorp/azurerm\"]",
      "instances": [
        {
          "schema_version": 0,
          "attributes": {
            "id": "/subscriptions/dfbc44eb-f4ee-4bb1-952a-f94f1edcd71d/resourceGroups/n01498358-assignment1-RG/providers/Microsoft.Network/networkSecurityGroups/n01498358-assignment1-RG-nsg",
            "location": "eastus",
            "name": "n01498358-assignment1-RG-nsg",
            "resource_group_name": "n01498358-assignment1-RG",
            "security_rule": [
              {
                "access": "Allow",
                "description": "",
                "destination_address_prefix": "*",
                "destination_address_prefixes": [],
                "destination_application_security_group_ids": [],
                "destination_port_range": "22",
                "destination_port_ranges": [],
                "direction": "Inbound",
                "name": "allow_ssh",
                "priority": 100,
                "protocol": "Tcp",
                "source_address_prefix": "*",
                "source_address_prefixes": [],
                "source_application_security_group_ids": [],
                "source_port_range": "*",
                "source_port_ranges": []
              }
            ],
            "tags": {},
            "timeouts": null
          },
          "sensitive_attributes": [],
          "private": "eyJlMmJmYjczMC1lY2FhLTExZTYtOGY4OC0zNDM2M2JjN2M0YzAiOnsiY3JlYXRlIjoxODAwMDAwMDAwMDAwLCJkZWxldGUiOjE4MDAwMDAwMDAwMDAsInJlYWQiOjMwMDAwMDAwMDAwMCwidXBkYXRlIjoxODAwMDAwMDAwMDAwfX0=",
          "dependencies": [
            "module.rgroup.azurerm_resource_group.rgroup"
          ]
        }
      ]
    },
    {
      "module": "module.network",
      "mode": "managed",
      "type": "azurerm_network_security_rule",
      "name": "allow_ssh",
      "provider": "provider[\"registry.terraform.io/hashicorp/azurerm\"]",
      "instances": [
        {
          "schema_version": 0,
          "attributes": {
            "access": "Allow",
            "description": "",
            "destination_address_prefix": "*",
            "destination_address_prefixes": [],
            "destination_application_security_group_ids": [],
            "destination_port_range": "22",
            "destination_port_ranges": [],
            "direction": "Inbound",
            "id": "/subscriptions/dfbc44eb-f4ee-4bb1-952a-f94f1edcd71d/resourceGroups/n01498358-assignment1-RG/providers/Microsoft.Network/networkSecurityGroups/n01498358-assignment1-RG-nsg/securityRules/allow_ssh",
            "name": "allow_ssh",
            "network_security_group_name": "n01498358-assignment1-RG-nsg",
            "priority": 100,
            "protocol": "Tcp",
            "resource_group_name": "n01498358-assignment1-RG",
            "source_address_prefix": "*",
            "source_address_prefixes": [],
            "source_application_security_group_ids": [],
            "source_port_range": "*",
            "source_port_ranges": [],
            "timeouts": null
          },
          "sensitive_attributes": [],
          "private": "eyJlMmJmYjczMC1lY2FhLTExZTYtOGY4OC0zNDM2M2JjN2M0YzAiOnsiY3JlYXRlIjoxODAwMDAwMDAwMDAwLCJkZWxldGUiOjE4MDAwMDAwMDAwMDAsInJlYWQiOjMwMDAwMDAwMDAwMCwidXBkYXRlIjoxODAwMDAwMDAwMDAwfX0=",
          "dependencies": [
            "module.network.azurerm_network_security_group.nsg",
            "module.rgroup.azurerm_resource_group.rgroup"
          ]
        }
      ]
    },
    {
      "module": "module.network",
      "mode": "managed",
      "type": "azurerm_subnet",
      "name": "subnet",
      "provider": "provider[\"registry.terraform.io/hashicorp/azurerm\"]",
      "instances": [
        {
          "schema_version": 0,
          "attributes": {
            "address_prefixes": [
              "10.0.1.0/24"
            ],
            "delegation": [],
            "enforce_private_link_endpoint_network_policies": false,
            "enforce_private_link_service_network_policies": false,
            "id": "/subscriptions/dfbc44eb-f4ee-4bb1-952a-f94f1edcd71d/resourceGroups/n01498358-assignment1-RG/providers/Microsoft.Network/virtualNetworks/8358vnet/subnets/subnet1",
            "name": "subnet1",
            "private_endpoint_network_policies_enabled": true,
            "private_link_service_network_policies_enabled": true,
            "resource_group_name": "n01498358-assignment1-RG",
            "service_endpoint_policy_ids": [],
            "service_endpoints": [],
            "timeouts": null,
            "virtual_network_name": "8358vnet"
          },
          "sensitive_attributes": [],
          "private": "eyJlMmJmYjczMC1lY2FhLTExZTYtOGY4OC0zNDM2M2JjN2M0YzAiOnsiY3JlYXRlIjoxODAwMDAwMDAwMDAwLCJkZWxldGUiOjE4MDAwMDAwMDAwMDAsInJlYWQiOjMwMDAwMDAwMDAwMCwidXBkYXRlIjoxODAwMDAwMDAwMDAwfX0=",
          "dependencies": [
            "module.network.azurerm_virtual_network.vnet",
            "module.rgroup.azurerm_resource_group.rgroup"
          ]
        }
      ]
    },
    {
      "module": "module.network",
      "mode": "managed",
      "type": "azurerm_subnet_network_security_group_association",
      "name": "subnet_nsg_association",
      "provider": "provider[\"registry.terraform.io/hashicorp/azurerm\"]",
      "instances": [
        {
          "schema_version": 0,
          "attributes": {
            "id": "/subscriptions/dfbc44eb-f4ee-4bb1-952a-f94f1edcd71d/resourceGroups/n01498358-assignment1-RG/providers/Microsoft.Network/virtualNetworks/8358vnet/subnets/subnet1",
            "network_security_group_id": "/subscriptions/dfbc44eb-f4ee-4bb1-952a-f94f1edcd71d/resourceGroups/n01498358-assignment1-RG/providers/Microsoft.Network/networkSecurityGroups/n01498358-assignment1-RG-nsg",
            "subnet_id": "/subscriptions/dfbc44eb-f4ee-4bb1-952a-f94f1edcd71d/resourceGroups/n01498358-assignment1-RG/providers/Microsoft.Network/virtualNetworks/8358vnet/subnets/subnet1",
            "timeouts": null
          },
          "sensitive_attributes": [],
          "private": "eyJlMmJmYjczMC1lY2FhLTExZTYtOGY4OC0zNDM2M2JjN2M0YzAiOnsiY3JlYXRlIjoxODAwMDAwMDAwMDAwLCJkZWxldGUiOjE4MDAwMDAwMDAwMDAsInJlYWQiOjMwMDAwMDAwMDAwMCwidXBkYXRlIjoxODAwMDAwMDAwMDAwfX0=",
          "dependencies": [
            "module.network.azurerm_network_security_group.nsg",
            "module.network.azurerm_subnet.subnet",
            "module.network.azurerm_virtual_network.vnet",
            "module.rgroup.azurerm_resource_group.rgroup"
          ]
        }
      ]
    },
    {
      "module": "module.network",
      "mode": "managed",
      "type": "azurerm_virtual_network",
      "name": "vnet",
      "provider": "provider[\"registry.terraform.io/hashicorp/azurerm\"]",
      "instances": [
        {
          "schema_version": 0,
          "attributes": {
            "address_space": [
              "10.0.0.0/16"
            ],
            "bgp_community": "",
            "ddos_protection_plan": [],
            "dns_servers": [],
            "edge_zone": "",
            "flow_timeout_in_minutes": 0,
            "guid": "50efa2e7-e776-443e-a739-1c8eb3013b0a",
            "id": "/subscriptions/dfbc44eb-f4ee-4bb1-952a-f94f1edcd71d/resourceGroups/n01498358-assignment1-RG/providers/Microsoft.Network/virtualNetworks/8358vnet",
            "location": "eastus",
            "name": "8358vnet",
            "resource_group_name": "n01498358-assignment1-RG",
            "subnet": [
              {
                "address_prefix": "10.0.1.0/24",
                "id": "/subscriptions/dfbc44eb-f4ee-4bb1-952a-f94f1edcd71d/resourceGroups/n01498358-assignment1-RG/providers/Microsoft.Network/virtualNetworks/8358vnet/subnets/subnet1",
                "name": "subnet1",
                "security_group": "/subscriptions/dfbc44eb-f4ee-4bb1-952a-f94f1edcd71d/resourceGroups/n01498358-assignment1-RG/providers/Microsoft.Network/networkSecurityGroups/n01498358-assignment1-RG-nsg"
              }
            ],
            "tags": {
              "Environment": "Lab",
              "ExpirationDate": "2023-06-30",
              "Name": "sahil.solanki",
              "Project": "Automation Project – Assignment 1"
            },
            "timeouts": null
          },
          "sensitive_attributes": [],
          "private": "eyJlMmJmYjczMC1lY2FhLTExZTYtOGY4OC0zNDM2M2JjN2M0YzAiOnsiY3JlYXRlIjoxODAwMDAwMDAwMDAwLCJkZWxldGUiOjE4MDAwMDAwMDAwMDAsInJlYWQiOjMwMDAwMDAwMDAwMCwidXBkYXRlIjoxODAwMDAwMDAwMDAwfX0=",
          "dependencies": [
            "module.rgroup.azurerm_resource_group.rgroup"
          ]
        }
      ]
    },
    {
      "module": "module.rgroup",
      "mode": "managed",
      "type": "azurerm_resource_group",
      "name": "rgroup",
      "provider": "provider[\"registry.terraform.io/hashicorp/azurerm\"]",
      "instances": [
        {
          "schema_version": 0,
          "attributes": {
            "id": "/subscriptions/dfbc44eb-f4ee-4bb1-952a-f94f1edcd71d/resourceGroups/n01498358-assignment1-RG",
            "location": "eastus",
            "name": "n01498358-assignment1-RG",
            "tags": {
              "Environment": "Lab",
              "ExpirationDate": "2023-06-30",
              "Name": "sahil.solanki",
              "Project": "Automation Project – Assignment 1"
            },
            "timeouts": null
          },
          "sensitive_attributes": [],
          "private": "eyJlMmJmYjczMC1lY2FhLTExZTYtOGY4OC0zNDM2M2JjN2M0YzAiOnsiY3JlYXRlIjo1NDAwMDAwMDAwMDAwLCJkZWxldGUiOjU0MDAwMDAwMDAwMDAsInJlYWQiOjMwMDAwMDAwMDAwMCwidXBkYXRlIjo1NDAwMDAwMDAwMDAwfX0="
        }
      ]
    },
    {
      "module": "module.vm_windows",
      "mode": "managed",
      "type": "azurerm_availability_set",
      "name": "windows_avail_set",
      "provider": "provider[\"registry.terraform.io/hashicorp/azurerm\"]",
      "instances": [
        {
          "schema_version": 0,
          "attributes": {
            "id": "/subscriptions/dfbc44eb-f4ee-4bb1-952a-f94f1edcd71d/resourceGroups/n01498358-assignment1-RG/providers/Microsoft.Compute/availabilitySets/8358windows-avail-set",
            "location": "eastus",
            "managed": true,
            "name": "8358windows-avail-set",
            "platform_fault_domain_count": 2,
            "platform_update_domain_count": 2,
            "proximity_placement_group_id": null,
            "resource_group_name": "n01498358-assignment1-RG",
            "tags": {
              "Environment": "Lab",
              "ExpirationDate": "2023-06-30",
              "Name": "sahil.solanki",
              "Project": "Automation Project – Assignment 1"
            },
            "timeouts": null
          },
          "sensitive_attributes": [],
          "private": "eyJlMmJmYjczMC1lY2FhLTExZTYtOGY4OC0zNDM2M2JjN2M0YzAiOnsiY3JlYXRlIjoxODAwMDAwMDAwMDAwLCJkZWxldGUiOjE4MDAwMDAwMDAwMDAsInJlYWQiOjMwMDAwMDAwMDAwMCwidXBkYXRlIjoxODAwMDAwMDAwMDAwfX0=",
          "dependencies": [
            "module.rgroup.azurerm_resource_group.rgroup"
          ]
        }
      ]
    },
    {
      "module": "module.vm_windows",
      "mode": "managed",
      "type": "azurerm_network_interface",
      "name": "vm_nic",
      "provider": "provider[\"registry.terraform.io/hashicorp/azurerm\"]",
      "instances": [
        {
          "schema_version": 0,
          "attributes": {
            "applied_dns_servers": [],
            "dns_servers": [],
            "edge_zone": "",
            "enable_accelerated_networking": false,
            "enable_ip_forwarding": false,
            "id": "/subscriptions/dfbc44eb-f4ee-4bb1-952a-f94f1edcd71d/resourceGroups/n01498358-assignment1-RG/providers/Microsoft.Network/networkInterfaces/8358vm-nic-windows",
            "internal_dns_name_label": "",
            "internal_domain_name_suffix": "24ro4udw225ejjzzdshlgaj1bc.bx.internal.cloudapp.net",
            "ip_configuration": [
              {
                "gateway_load_balancer_frontend_ip_configuration_id": "",
                "name": "vm-ip-config-windows",
                "primary": true,
                "private_ip_address": "10.0.1.6",
                "private_ip_address_allocation": "Dynamic",
                "private_ip_address_version": "IPv4",
                "public_ip_address_id": "/subscriptions/dfbc44eb-f4ee-4bb1-952a-f94f1edcd71d/resourceGroups/n01498358-assignment1-RG/providers/Microsoft.Network/publicIPAddresses/8358vm-windows-public-ip",
                "subnet_id": "/subscriptions/dfbc44eb-f4ee-4bb1-952a-f94f1edcd71d/resourceGroups/n01498358-assignment1-RG/providers/Microsoft.Network/virtualNetworks/8358vnet/subnets/subnet1"
              }
            ],
            "location": "eastus",
            "mac_address": "60-45-BD-F0-C6-48",
            "name": "8358vm-nic-windows",
            "private_ip_address": "10.0.1.6",
            "private_ip_addresses": [
              "10.0.1.6"
            ],
            "resource_group_name": "n01498358-assignment1-RG",
            "tags": {},
            "timeouts": null,
            "virtual_machine_id": "/subscriptions/dfbc44eb-f4ee-4bb1-952a-f94f1edcd71d/resourceGroups/n01498358-assignment1-RG/providers/Microsoft.Compute/virtualMachines/vm-windows"
          },
          "sensitive_attributes": [],
          "private": "eyJlMmJmYjczMC1lY2FhLTExZTYtOGY4OC0zNDM2M2JjN2M0YzAiOnsiY3JlYXRlIjoxODAwMDAwMDAwMDAwLCJkZWxldGUiOjE4MDAwMDAwMDAwMDAsInJlYWQiOjMwMDAwMDAwMDAwMCwidXBkYXRlIjoxODAwMDAwMDAwMDAwfX0=",
          "dependencies": [
            "module.network.azurerm_subnet.subnet",
            "module.network.azurerm_virtual_network.vnet",
            "module.rgroup.azurerm_resource_group.rgroup",
            "module.vm_windows.azurerm_public_ip.vm_windows_public_ip"
          ]
        }
      ]
    },
    {
      "module": "module.vm_windows",
      "mode": "managed",
      "type": "azurerm_public_ip",
      "name": "vm_windows_public_ip",
      "provider": "provider[\"registry.terraform.io/hashicorp/azurerm\"]",
      "instances": [
        {
          "schema_version": 0,
          "attributes": {
            "allocation_method": "Static",
            "ddos_protection_mode": "VirtualNetworkInherited",
            "ddos_protection_plan_id": null,
            "domain_name_label": "win8358publicip",
            "edge_zone": "",
            "fqdn": "win8358publicip.eastus.cloudapp.azure.com",
            "id": "/subscriptions/dfbc44eb-f4ee-4bb1-952a-f94f1edcd71d/resourceGroups/n01498358-assignment1-RG/providers/Microsoft.Network/publicIPAddresses/8358vm-windows-public-ip",
            "idle_timeout_in_minutes": 4,
            "ip_address": "20.115.5.80",
            "ip_tags": {},
            "ip_version": "IPv4",
            "location": "eastus",
            "name": "8358vm-windows-public-ip",
            "public_ip_prefix_id": null,
            "resource_group_name": "n01498358-assignment1-RG",
            "reverse_fqdn": "",
            "sku": "Basic",
            "sku_tier": "Regional",
            "tags": {
              "Environment": "Lab",
              "ExpirationDate": "2023-06-30",
              "Name": "sahil.solanki",
              "Project": "Automation Project – Assignment 1"
            },
            "timeouts": null,
            "zones": []
          },
          "sensitive_attributes": [],
          "private": "eyJlMmJmYjczMC1lY2FhLTExZTYtOGY4OC0zNDM2M2JjN2M0YzAiOnsiY3JlYXRlIjoxODAwMDAwMDAwMDAwLCJkZWxldGUiOjE4MDAwMDAwMDAwMDAsInJlYWQiOjMwMDAwMDAwMDAwMCwidXBkYXRlIjoxODAwMDAwMDAwMDAwfX0=",
          "dependencies": [
            "module.rgroup.azurerm_resource_group.rgroup"
          ]
        }
      ]
    },
    {
      "module": "module.vm_windows",
      "mode": "managed",
      "type": "azurerm_virtual_machine",
      "name": "vm_windows",
      "provider": "provider[\"registry.terraform.io/hashicorp/azurerm\"]",
      "instances": [
        {
          "schema_version": 0,
          "attributes": {
            "additional_capabilities": [],
            "availability_set_id": "/subscriptions/dfbc44eb-f4ee-4bb1-952a-f94f1edcd71d/resourcegroups/n01498358-assignment1-rg/providers/microsoft.compute/availabilitysets/8358windows-avail-set",
            "boot_diagnostics": [
              {
                "enabled": true,
                "storage_uri": "https://st8358.blob.core.windows.net/"
              }
            ],
            "delete_data_disks_on_termination": false,
            "delete_os_disk_on_termination": false,
            "id": "/subscriptions/dfbc44eb-f4ee-4bb1-952a-f94f1edcd71d/resourceGroups/n01498358-assignment1-RG/providers/Microsoft.Compute/virtualMachines/vm-windows",
            "identity": [],
            "license_type": null,
            "location": "eastus",
            "name": "vm-windows",
            "network_interface_ids": [
              "/subscriptions/dfbc44eb-f4ee-4bb1-952a-f94f1edcd71d/resourceGroups/n01498358-assignment1-RG/providers/Microsoft.Network/networkInterfaces/8358vm-nic-windows"
            ],
            "os_profile": [
              {
                "admin_password": "",
                "admin_username": "adminuser",
                "computer_name": "vm-windows",
                "custom_data": ""
              }
            ],
            "os_profile_linux_config": [],
            "os_profile_secrets": [],
            "os_profile_windows_config": [
              {
                "additional_unattend_config": [],
                "enable_automatic_upgrades": true,
                "provision_vm_agent": true,
                "timezone": "",
                "winrm": []
              }
            ],
            "plan": [],
            "primary_network_interface_id": null,
            "proximity_placement_group_id": null,
            "resource_group_name": "n01498358-assignment1-RG",
            "storage_data_disk": [
              {
                "caching": "None",
                "create_option": "Attach",
                "disk_size_gb": 10,
                "lun": 0,
                "managed_disk_id": "/subscriptions/dfbc44eb-f4ee-4bb1-952a-f94f1edcd71d/resourceGroups/n01498358-assignment1-RG/providers/Microsoft.Compute/disks/datadisk-2",
                "managed_disk_type": "Standard_LRS",
                "name": "datadisk-2",
                "vhd_uri": "",
                "write_accelerator_enabled": false
              }
            ],
            "storage_image_reference": [
              {
                "id": "",
                "offer": "WindowsServer",
                "publisher": "MicrosoftWindowsServer",
                "sku": "2016-Datacenter",
                "version": "latest"
              }
            ],
            "storage_os_disk": [
              {
                "caching": "ReadWrite",
                "create_option": "FromImage",
                "disk_size_gb": 127,
                "image_uri": "",
                "managed_disk_id": "/subscriptions/dfbc44eb-f4ee-4bb1-952a-f94f1edcd71d/resourceGroups/n01498358-assignment1-RG/providers/Microsoft.Compute/disks/osdisk-windows",
                "managed_disk_type": "Premium_LRS",
                "name": "osdisk-windows",
                "os_type": "Windows",
                "vhd_uri": "",
                "write_accelerator_enabled": false
              }
            ],
            "tags": {
              "Environment": "Lab",
              "ExpirationDate": "2023-06-30",
              "Name": "sahil.solanki",
              "Project": "Automation Project – Assignment 1"
            },
            "timeouts": null,
            "vm_size": "Standard_B1s",
            "zones": []
          },
          "sensitive_attributes": [],
          "private": "eyJlMmJmYjczMC1lY2FhLTExZTYtOGY4OC0zNDM2M2JjN2M0YzAiOnsiY3JlYXRlIjozNjAwMDAwMDAwMDAwLCJkZWxldGUiOjM2MDAwMDAwMDAwMDAsInJlYWQiOjMwMDAwMDAwMDAwMCwidXBkYXRlIjozNjAwMDAwMDAwMDAwfX0=",
          "dependencies": [
            "module.common.azurerm_storage_account.storage_account",
            "module.network.azurerm_subnet.subnet",
            "module.network.azurerm_virtual_network.vnet",
            "module.rgroup.azurerm_resource_group.rgroup",
            "module.vm_windows.azurerm_availability_set.windows_avail_set",
            "module.vm_windows.azurerm_network_interface.vm_nic",
            "module.vm_windows.azurerm_public_ip.vm_windows_public_ip"
          ]
        }
      ]
    },
    {
      "module": "module.vm_windows",
      "mode": "managed",
      "type": "azurerm_virtual_machine_extension",
      "name": "vm_windows_extension",
      "provider": "provider[\"registry.terraform.io/hashicorp/azurerm\"]",
      "instances": [
        {
          "schema_version": 0,
          "attributes": {
            "auto_upgrade_minor_version": true,
            "automatic_upgrade_enabled": false,
            "failure_suppression_enabled": false,
            "id": "/subscriptions/dfbc44eb-f4ee-4bb1-952a-f94f1edcd71d/resourceGroups/n01498358-assignment1-RG/providers/Microsoft.Compute/virtualMachines/vm-windows/extensions/IaaSAntimalware",
            "name": "IaaSAntimalware",
            "protected_settings": null,
            "protected_settings_from_key_vault": [],
            "publisher": "Microsoft.Azure.Security",
            "settings": "{\"AntimalwareEnabled\":true,\"commandToExecute\":\"powershell -ExecutionPolicy Unrestricted -Command 'Write-Output ''Hello, world!'''\"}",
            "tags": {},
            "timeouts": null,
            "type": "IaaSAntimalware",
            "type_handler_version": "1.3",
            "virtual_machine_id": "/subscriptions/dfbc44eb-f4ee-4bb1-952a-f94f1edcd71d/resourceGroups/n01498358-assignment1-RG/providers/Microsoft.Compute/virtualMachines/vm-windows"
          },
          "sensitive_attributes": [],
          "private": "eyJlMmJmYjczMC1lY2FhLTExZTYtOGY4OC0zNDM2M2JjN2M0YzAiOnsiY3JlYXRlIjoxODAwMDAwMDAwMDAwLCJkZWxldGUiOjE4MDAwMDAwMDAwMDAsInJlYWQiOjMwMDAwMDAwMDAwMCwidXBkYXRlIjoxODAwMDAwMDAwMDAwfX0=",
          "dependencies": [
            "module.common.azurerm_storage_account.storage_account",
            "module.network.azurerm_subnet.subnet",
            "module.network.azurerm_virtual_network.vnet",
            "module.rgroup.azurerm_resource_group.rgroup",
            "module.vm_windows.azurerm_availability_set.windows_avail_set",
            "module.vm_windows.azurerm_network_interface.vm_nic",
            "module.vm_windows.azurerm_public_ip.vm_windows_public_ip",
            "module.vm_windows.azurerm_virtual_machine.vm_windows"
          ]
        }
      ]
    }
  ],
  "check_results": null
}
